
Microsoft Visual Studio Solution File, Format Version 12.00
# Visual Studio Version 17
VisualStudioVersion = 17.3.32929.385
MinimumVisualStudioVersion = 10.0.40219.1
Project("{FAE04EC0-301F-11D3-BF4B-00C04F79EFBC}") = "web2", "web2\web2.csproj", "{66DB6646-ACCF-44A5-A3F3-0B8399A47A5A}"
EndProject
Global
	GlobalSection(SolutionConfigurationPlatforms) = preSolution
		Debug|Any CPU = Debug|Any CPU
		Release|Any CPU = Release|Any CPU
	EndGlobalSection
	GlobalSection(ProjectConfigurationPlatforms) = postSolution
		{66DB6646-ACCF-44A5-A3F3-0B8399A47A5A}.Debug|Any CPU.ActiveCfg = Debug|Any CPU
		{66DB6646-ACCF-44A5-A3F3-0B8399A47A5A}.Debug|Any CPU.Build.0 = Debug|Any CPU
		{66DB6646-ACCF-44A5-A3F3-0B8399A47A5A}.Release|Any CPU.ActiveCfg = Release|Any CPU
		{66DB6646-ACCF-44A5-A3F3-0B8399A47A5A}.Release|Any CPU.Build.0 = Release|Any CPU
	EndGlobalSection
	GlobalSection(SolutionProperties) = preSolution
		HideSolutionNode = FALSE
	EndGlobalSection
	GlobalSection(ExtensibilityGlobals) = postSolution
		SolutionGuid = {CC6DC698-5EEC-48E2-A3D8-2D15A53B6226}
	EndGlobalSection
EndGlobal
